
Microsoft Visual Studio Solution File, Format Version 12.00
# Visual Studio Version 16
VisualStudioVersion = 16.0.31129.286
MinimumVisualStudioVersion = 10.0.40219.1
Project("{9A19103F-16F7-4668-BE54-9A1E7A4F7556}") = "WebApi", "WebApi\WebApi.csproj", "{A6E5BFE3-AF0D-4431-A717-532764D6D5FD}"
EndProject
Project("{9A19103F-16F7-4668-BE54-9A1E7A4F7556}") = "Entities", "Entities\Entities.csproj", "{03756123-1B9D-4E08-87F1-D4A0CB36AB58}"
EndProject
Project("{9A19103F-16F7-4668-BE54-9A1E7A4F7556}") = "Repositories", "Repositories\Repositories.csproj", "{1C9D092F-AA78-4FFA-A15E-96E0A8F4772D}"
EndProject
Project("{9A19103F-16F7-4668-BE54-9A1E7A4F7556}") = "Contracts", "Contracts\Contracts.csproj", "{7CB4DD93-C603-45EA-9F9B-FAC665C0A836}"
EndProject
Project("{9A19103F-16F7-4668-BE54-9A1E7A4F7556}") = "Database", "Database\Database.csproj", "{3A712C99-14A3-42F5-BAEB-083B43B80867}"
EndProject
Project("{FAE04EC0-301F-11D3-BF4B-00C04F79EFBC}") = "Logger", "Logger\Logger.csproj", "{0EC1BCDD-4A87-4442-AF1A-177568CD7CA3}"
EndProject
Global
	GlobalSection(SolutionConfigurationPlatforms) = preSolution
		Debug|Any CPU = Debug|Any CPU
		Release|Any CPU = Release|Any CPU
	EndGlobalSection
	GlobalSection(ProjectConfigurationPlatforms) = postSolution
		{A6E5BFE3-AF0D-4431-A717-532764D6D5FD}.Debug|Any CPU.ActiveCfg = Debug|Any CPU
		{A6E5BFE3-AF0D-4431-A717-532764D6D5FD}.Debug|Any CPU.Build.0 = Debug|Any CPU
		{A6E5BFE3-AF0D-4431-A717-532764D6D5FD}.Release|Any CPU.ActiveCfg = Release|Any CPU
		{A6E5BFE3-AF0D-4431-A717-532764D6D5FD}.Release|Any CPU.Build.0 = Release|Any CPU
		{03756123-1B9D-4E08-87F1-D4A0CB36AB58}.Debug|Any CPU.ActiveCfg = Debug|Any CPU
		{03756123-1B9D-4E08-87F1-D4A0CB36AB58}.Debug|Any CPU.Build.0 = Debug|Any CPU
		{03756123-1B9D-4E08-87F1-D4A0CB36AB58}.Release|Any CPU.ActiveCfg = Release|Any CPU
		{03756123-1B9D-4E08-87F1-D4A0CB36AB58}.Release|Any CPU.Build.0 = Release|Any CPU
		{1C9D092F-AA78-4FFA-A15E-96E0A8F4772D}.Debug|Any CPU.ActiveCfg = Debug|Any CPU
		{1C9D092F-AA78-4FFA-A15E-96E0A8F4772D}.Debug|Any CPU.Build.0 = Debug|Any CPU
		{1C9D092F-AA78-4FFA-A15E-96E0A8F4772D}.Release|Any CPU.ActiveCfg = Release|Any CPU
		{1C9D092F-AA78-4FFA-A15E-96E0A8F4772D}.Release|Any CPU.Build.0 = Release|Any CPU
		{7CB4DD93-C603-45EA-9F9B-FAC665C0A836}.Debug|Any CPU.ActiveCfg = Debug|Any CPU
		{7CB4DD93-C603-45EA-9F9B-FAC665C0A836}.Debug|Any CPU.Build.0 = Debug|Any CPU
		{7CB4DD93-C603-45EA-9F9B-FAC665C0A836}.Release|Any CPU.ActiveCfg = Release|Any CPU
		{7CB4DD93-C603-45EA-9F9B-FAC665C0A836}.Release|Any CPU.Build.0 = Release|Any CPU
		{3A712C99-14A3-42F5-BAEB-083B43B80867}.Debug|Any CPU.ActiveCfg = Debug|Any CPU
		{3A712C99-14A3-42F5-BAEB-083B43B80867}.Debug|Any CPU.Build.0 = Debug|Any CPU
		{3A712C99-14A3-42F5-BAEB-083B43B80867}.Release|Any CPU.ActiveCfg = Release|Any CPU
		{3A712C99-14A3-42F5-BAEB-083B43B80867}.Release|Any CPU.Build.0 = Release|Any CPU
		{0EC1BCDD-4A87-4442-AF1A-177568CD7CA3}.Debug|Any CPU.ActiveCfg = Debug|Any CPU
		{0EC1BCDD-4A87-4442-AF1A-177568CD7CA3}.Debug|Any CPU.Build.0 = Debug|Any CPU
		{0EC1BCDD-4A87-4442-AF1A-177568CD7CA3}.Release|Any CPU.ActiveCfg = Release|Any CPU
		{0EC1BCDD-4A87-4442-AF1A-177568CD7CA3}.Release|Any CPU.Build.0 = Release|Any CPU
	EndGlobalSection
	GlobalSection(SolutionProperties) = preSolution
		HideSolutionNode = FALSE
	EndGlobalSection
	GlobalSection(ExtensibilityGlobals) = postSolution
		SolutionGuid = {CEA25FF5-47D9-49C0-82E9-EFD9A0EAD28A}
	EndGlobalSection
EndGlobal
